
Microsoft Visual Studio Solution File, Format Version 12.00
# Visual Studio 15
VisualStudioVersion = 15.0.27004.2006
MinimumVisualStudioVersion = 10.0.40219.1
Project("{FAE04EC0-301F-11D3-BF4B-00C04F79EFBC}") = "MultiDeviceAIO", "WindowsFormsApp1\MultiDeviceAIO.csproj", "{6596B364-87FC-453E-8662-D3D81169596C}"
EndProject
Project("{FAE04EC0-301F-11D3-BF4B-00C04F79EFBC}") = "UnitTestProject1", "UnitTestProject1\UnitTestProject1.csproj", "{237DE931-A6A8-4987-9E95-973BEC5550B7}"
EndProject
Global
	GlobalSection(SolutionConfigurationPlatforms) = preSolution
		Debug|Any CPU = Debug|Any CPU
		Debug|x64 = Debug|x64
		Release|Any CPU = Release|Any CPU
		Release|x64 = Release|x64
	EndGlobalSection
	GlobalSection(ProjectConfigurationPlatforms) = postSolution
		{6596B364-87FC-453E-8662-D3D81169596C}.Debug|Any CPU.ActiveCfg = Debug|Any CPU
		{6596B364-87FC-453E-8662-D3D81169596C}.Debug|Any CPU.Build.0 = Debug|Any CPU
		{6596B364-87FC-453E-8662-D3D81169596C}.Debug|x64.ActiveCfg = Debug|x64
		{6596B364-87FC-453E-8662-D3D81169596C}.Debug|x64.Build.0 = Debug|x64
		{6596B364-87FC-453E-8662-D3D81169596C}.Release|Any CPU.ActiveCfg = Release|Any CPU
		{6596B364-87FC-453E-8662-D3D81169596C}.Release|Any CPU.Build.0 = Release|Any CPU
		{6596B364-87FC-453E-8662-D3D81169596C}.Release|x64.ActiveCfg = Release|x64
		{6596B364-87FC-453E-8662-D3D81169596C}.Release|x64.Build.0 = Release|x64
		{237DE931-A6A8-4987-9E95-973BEC5550B7}.Debug|Any CPU.ActiveCfg = Debug|Any CPU
		{237DE931-A6A8-4987-9E95-973BEC5550B7}.Debug|Any CPU.Build.0 = Debug|Any CPU
		{237DE931-A6A8-4987-9E95-973BEC5550B7}.Debug|x64.ActiveCfg = Debug|Any CPU
		{237DE931-A6A8-4987-9E95-973BEC5550B7}.Debug|x64.Build.0 = Debug|Any CPU
		{237DE931-A6A8-4987-9E95-973BEC5550B7}.Release|Any CPU.ActiveCfg = Release|Any CPU
		{237DE931-A6A8-4987-9E95-973BEC5550B7}.Release|Any CPU.Build.0 = Release|Any CPU
		{237DE931-A6A8-4987-9E95-973BEC5550B7}.Release|x64.ActiveCfg = Release|Any CPU
		{237DE931-A6A8-4987-9E95-973BEC5550B7}.Release|x64.Build.0 = Release|Any CPU
	EndGlobalSection
	GlobalSection(SolutionProperties) = preSolution
		HideSolutionNode = FALSE
	EndGlobalSection
	GlobalSection(ExtensibilityGlobals) = postSolution
		SolutionGuid = {7DEDF7D3-3029-48A2-A793-B9858E16F0BE}
	EndGlobalSection
EndGlobal
